
Microsoft Visual Studio Solution File, Format Version 12.00
# Visual Studio Version 17
VisualStudioVersion = 17.6.33723.286
MinimumVisualStudioVersion = 10.0.40219.1
Project("{FAE04EC0-301F-11D3-BF4B-00C04F79EFBC}") = "BuberBreakFast.Constracts", "BuberBreakFast.Constracts\BuberBreakFast.Constracts.csproj", "{551CA8A9-CF15-4453-AAD8-6ED7958E07ED}"
EndProject
Project("{FAE04EC0-301F-11D3-BF4B-00C04F79EFBC}") = "BuberBreakFast", "BuberBreakFast\BuberBreakFast.csproj", "{5998991C-4597-4FA4-981D-C12303E8FB5E}"
EndProject
Global
	GlobalSection(SolutionConfigurationPlatforms) = preSolution
		Debug|Any CPU = Debug|Any CPU
		Release|Any CPU = Release|Any CPU
	EndGlobalSection
	GlobalSection(ProjectConfigurationPlatforms) = postSolution
		{551CA8A9-CF15-4453-AAD8-6ED7958E07ED}.Debug|Any CPU.ActiveCfg = Debug|Any CPU
		{551CA8A9-CF15-4453-AAD8-6ED7958E07ED}.Debug|Any CPU.Build.0 = Debug|Any CPU
		{551CA8A9-CF15-4453-AAD8-6ED7958E07ED}.Release|Any CPU.ActiveCfg = Release|Any CPU
		{551CA8A9-CF15-4453-AAD8-6ED7958E07ED}.Release|Any CPU.Build.0 = Release|Any CPU
		{5998991C-4597-4FA4-981D-C12303E8FB5E}.Debug|Any CPU.ActiveCfg = Debug|Any CPU
		{5998991C-4597-4FA4-981D-C12303E8FB5E}.Debug|Any CPU.Build.0 = Debug|Any CPU
		{5998991C-4597-4FA4-981D-C12303E8FB5E}.Release|Any CPU.ActiveCfg = Release|Any CPU
		{5998991C-4597-4FA4-981D-C12303E8FB5E}.Release|Any CPU.Build.0 = Release|Any CPU
	EndGlobalSection
	GlobalSection(SolutionProperties) = preSolution
		HideSolutionNode = FALSE
	EndGlobalSection
	GlobalSection(ExtensibilityGlobals) = postSolution
		SolutionGuid = {2356E6F9-12B8-4976-804C-078E2F3C9DEA}
	EndGlobalSection
EndGlobal
